
Microsoft Visual Studio Solution File, Format Version 12.00
# Visual Studio Version 17
VisualStudioVersion = 17.5.33424.131
MinimumVisualStudioVersion = 10.0.40219.1
Project("{FAE04EC0-301F-11D3-BF4B-00C04F79EFBC}") = "Mini_Paint", "Mini_Paint\Mini_Paint.csproj", "{931C347C-47A0-4526-9A6A-19A3D280D7A6}"
EndProject
Global
	GlobalSection(SolutionConfigurationPlatforms) = preSolution
		Debug|Any CPU = Debug|Any CPU
		Release|Any CPU = Release|Any CPU
	EndGlobalSection
	GlobalSection(ProjectConfigurationPlatforms) = postSolution
		{931C347C-47A0-4526-9A6A-19A3D280D7A6}.Debug|Any CPU.ActiveCfg = Debug|Any CPU
		{931C347C-47A0-4526-9A6A-19A3D280D7A6}.Debug|Any CPU.Build.0 = Debug|Any CPU
		{931C347C-47A0-4526-9A6A-19A3D280D7A6}.Release|Any CPU.ActiveCfg = Release|Any CPU
		{931C347C-47A0-4526-9A6A-19A3D280D7A6}.Release|Any CPU.Build.0 = Release|Any CPU
	EndGlobalSection
	GlobalSection(SolutionProperties) = preSolution
		HideSolutionNode = FALSE
	EndGlobalSection
	GlobalSection(ExtensibilityGlobals) = postSolution
		SolutionGuid = {E36F168B-3A09-4CDF-9B8D-692E2DAC7847}
	EndGlobalSection
EndGlobal
